// !$*UTF8*$!
{
	archiveVersion = 1;
	classes = {
	};
	objectVersion = 54;
	objects = {

/* Begin PBXBuildFile section */
		4C22E0FA21BA9D6C008C8543 /* Defaults.swift in Sources */ = {isa = PBXBuildFile; fileRef = 4C22E0F921BA9D6C008C8543 /* Defaults.swift */; };
		4C22E0FC21BAE7FD008C8543 /* DateHelpers.swift in Sources */ = {isa = PBXBuildFile; fileRef = 4C22E0FB21BAE7FD008C8543 /* DateHelpers.swift */; };
		4C22E0FE21BAE94E008C8543 /* StringHelpers.swift in Sources */ = {isa = PBXBuildFile; fileRef = 4C22E0FD21BAE94E008C8543 /* StringHelpers.swift */; };
		4C4C7D0C21AAED1F0002127F /* ADB_AssistantTests.swift in Sources */ = {isa = PBXBuildFile; fileRef = 4C4C7D0B21AAED1F0002127F /* ADB_AssistantTests.swift */; };
		4C4C7D1821AB2E2A0002127F /* Bash.swift in Sources */ = {isa = PBXBuildFile; fileRef = 4C4C7D1721AB2E2A0002127F /* Bash.swift */; };
		4C4C7D1D21AB32E00002127F /* Shell.swift in Sources */ = {isa = PBXBuildFile; fileRef = 4C4C7D1C21AB32E00002127F /* Shell.swift */; };
		4C8AEF2A21AC83EC00AC9202 /* USBWatcher.swift in Sources */ = {isa = PBXBuildFile; fileRef = 4C8AEF2921AC83EC00AC9202 /* USBWatcher.swift */; };
		4C8AEF2C21AF071700AC9202 /* Device.swift in Sources */ = {isa = PBXBuildFile; fileRef = 4C8AEF2B21AF071700AC9202 /* Device.swift */; };
		4C8AEF3721B16C2A00AC9202 /* ADBGatewayFactory.swift in Sources */ = {isa = PBXBuildFile; fileRef = 4C8AEF3621B16C2A00AC9202 /* ADBGatewayFactory.swift */; };
		4C8AEF3921B16CAF00AC9202 /* MockGatewayFactory.swift in Sources */ = {isa = PBXBuildFile; fileRef = 4C8AEF3821B16CAF00AC9202 /* MockGatewayFactory.swift */; };
		4C8AEF3F21B3CBDB00AC9202 /* Assets.xcassets in Resources */ = {isa = PBXBuildFile; fileRef = 4C8AEF3E21B3CBDB00AC9202 /* Assets.xcassets */; };
		F6A100022E2C000100AAA001 /* DeviceGateway.swift in Sources */ = {isa = PBXBuildFile; fileRef = F6A100012E2C000100AAA001 /* DeviceGateway.swift */; };
		F6A100042E2C000100AAA001 /* PreferencesStore.swift in Sources */ = {isa = PBXBuildFile; fileRef = F6A100032E2C000100AAA001 /* PreferencesStore.swift */; };
		F6A100062E2C000100AAA001 /* DeviceEventsSource.swift in Sources */ = {isa = PBXBuildFile; fileRef = F6A100052E2C000100AAA001 /* DeviceEventsSource.swift */; };
		F6A100162E2C000100AAA001 /* DeviceMetricsGateway.swift in Sources */ = {isa = PBXBuildFile; fileRef = F6A100072E2C000100AAA001 /* DeviceMetricsGateway.swift */; };
		F6A100112E2C000100AAA001 /* RefreshDevicesUseCase.swift in Sources */ = {isa = PBXBuildFile; fileRef = F6A1000C2E2C000100AAA001 /* RefreshDevicesUseCase.swift */; };
		F6A100122E2C000100AAA001 /* RebootDeviceUseCase.swift in Sources */ = {isa = PBXBuildFile; fileRef = F6A1000D2E2C000100AAA001 /* RebootDeviceUseCase.swift */; };
		F6A100132E2C000100AAA001 /* TakeScreenshotUseCase.swift in Sources */ = {isa = PBXBuildFile; fileRef = F6A1000E2E2C000100AAA001 /* TakeScreenshotUseCase.swift */; };
		F6A100142E2C000100AAA001 /* InstallAPKUseCase.swift in Sources */ = {isa = PBXBuildFile; fileRef = F6A1000F2E2C000100AAA001 /* InstallAPKUseCase.swift */; };
		F6A100152E2C000100AAA001 /* FetchDeviceMetricsUseCase.swift in Sources */ = {isa = PBXBuildFile; fileRef = F6A100102E2C000100AAA001 /* FetchDeviceMetricsUseCase.swift */; };
		F6A100212E2C100100AAA001 /* TileModels.swift in Sources */ = {isa = PBXBuildFile; fileRef = F6A1001F2E2C100100AAA001 /* TileModels.swift */; };
		F6A100222E2C100100AAA001 /* AppAlert.swift in Sources */ = {isa = PBXBuildFile; fileRef = F6A100202E2C100100AAA001 /* AppAlert.swift */; };
		F6A100252E2C100100AAA001 /* DashboardViewModel.swift in Sources */ = {isa = PBXBuildFile; fileRef = F6A100242E2C100100AAA001 /* DashboardViewModel.swift */; };
		F6A100272E2C200100AAA001 /* DeviceListViewModel.swift in Sources */ = {isa = PBXBuildFile; fileRef = F6A100262E2C200100AAA001 /* DeviceListViewModel.swift */; };
		F6A100292E2C200100AAA001 /* MetricsViewModel.swift in Sources */ = {isa = PBXBuildFile; fileRef = F6A100282E2C200100AAA001 /* MetricsViewModel.swift */; };
		F6A1002B2E2C300100AAA001 /* DeviceMetricsPoints.swift in Sources */ = {isa = PBXBuildFile; fileRef = F6A1002A2E2C300100AAA001 /* DeviceMetricsPoints.swift */; };
		F5C9E5052E2BF8E500D3EA1A /* ADBAssistantApp.swift in Sources */ = {isa = PBXBuildFile; fileRef = F5C9E5012E2BF8E500D3EA1A /* ADBAssistantApp.swift */; };
		F5C9E5062E2BF8E500D3EA1A /* AppState.swift in Sources */ = {isa = PBXBuildFile; fileRef = F5C9E5022E2BF8E500D3EA1A /* AppState.swift */; };
		F5C9E5072E2BF8E500D3EA1A /* MainView.swift in Sources */ = {isa = PBXBuildFile; fileRef = F5C9E5032E2BF8E500D3EA1A /* MainView.swift */; };
		F5C9E5082E2BF8E500D3EA1A /* SetupView.swift in Sources */ = {isa = PBXBuildFile; fileRef = F5C9E5042E2BF8E500D3EA1A /* SetupView.swift */; };
		F5C9E50B2E2BF8E500D3EA1A /* SidebarView.swift in Sources */ = {isa = PBXBuildFile; fileRef = F5C9E50C2E2BF8E500D3EA1A /* SidebarView.swift */; };
		F5C9E50D2E2BF8E500D3EA1A /* PreferencesView.swift in Sources */ = {isa = PBXBuildFile; fileRef = F5C9E50E2E2BF8E500D3EA1A /* PreferencesView.swift */; };
		F5C9E5112E2BF8E500D3EA1A /* TileSettingsSheet.swift in Sources */ = {isa = PBXBuildFile; fileRef = F5C9E5122E2BF8E500D3EA1A /* TileSettingsSheet.swift */; };
		F6A100312E2C400100AAA001 /* TileCard.swift in Sources */ = {isa = PBXBuildFile; fileRef = F6A1002C2E2C400100AAA001 /* TileCard.swift */; };
		F6A100322E2C400100AAA001 /* ButtonTileView.swift in Sources */ = {isa = PBXBuildFile; fileRef = F6A1002D2E2C400100AAA001 /* ButtonTileView.swift */; };
		F6A100332E2C400100AAA001 /* DragDropTileView.swift in Sources */ = {isa = PBXBuildFile; fileRef = F6A1002E2E2C400100AAA001 /* DragDropTileView.swift */; };
		F6A100342E2C400100AAA001 /* MetricsGraphs.swift in Sources */ = {isa = PBXBuildFile; fileRef = F6A1002F2E2C400100AAA001 /* MetricsGraphs.swift */; };
		F6A100352E2C400100AAA001 /* MetricsTiles.swift in Sources */ = {isa = PBXBuildFile; fileRef = F6A100302E2C400100AAA001 /* MetricsTiles.swift */; };
		F6A100412E2C500100AAA001 /* TileLayoutMetrics.swift in Sources */ = {isa = PBXBuildFile; fileRef = F6A1003D2E2C500100AAA001 /* TileLayoutMetrics.swift */; };
		F6A100422E2C500100AAA001 /* DashboardView.swift in Sources */ = {isa = PBXBuildFile; fileRef = F6A1003E2E2C500100AAA001 /* DashboardView.swift */; };
		F6A100432E2C500100AAA001 /* TileSectionViews.swift in Sources */ = {isa = PBXBuildFile; fileRef = F6A1003F2E2C500100AAA001 /* TileSectionViews.swift */; };
		F6A100442E2C500100AAA001 /* EmptyDashboardPlaceholderView.swift in Sources */ = {isa = PBXBuildFile; fileRef = F6A100402E2C500100AAA001 /* EmptyDashboardPlaceholderView.swift */; };
		F6A100452E2C600100AAA001 /* DeviceActionsService.swift in Sources */ = {isa = PBXBuildFile; fileRef = F6A100462E2C600100AAA001 /* DeviceActionsService.swift */; };
		F6A100472E2C600100AAA001 /* DeviceMetricsCoordinator.swift in Sources */ = {isa = PBXBuildFile; fileRef = F6A100482E2C600100AAA001 /* DeviceMetricsCoordinator.swift */; };
		F6A100492E2C600100AAA001 /* DeviceEventsCoordinator.swift in Sources */ = {isa = PBXBuildFile; fileRef = F6A1004A2E2C600100AAA001 /* DeviceEventsCoordinator.swift */; };
		F6A1004B2E2C600100AAA001 /* AppPreferencesService.swift in Sources */ = {isa = PBXBuildFile; fileRef = F6A1004C2E2C600100AAA001 /* AppPreferencesService.swift */; };
		F6A1004F2E2C700100AAA001 /* CapabilityTypes.swift in Sources */ = {isa = PBXBuildFile; fileRef = F6A100502E2C700100AAA001 /* CapabilityTypes.swift */; };
		F6A100512E2C700100AAA001 /* CapabilityRegistry.swift in Sources */ = {isa = PBXBuildFile; fileRef = F6A100522E2C700100AAA001 /* CapabilityRegistry.swift */; };
		F6A100532E2C700100AAA001 /* MetricsCapabilityProvider.swift in Sources */ = {isa = PBXBuildFile; fileRef = F6A100542E2C700100AAA001 /* MetricsCapabilityProvider.swift */; };
		F6A100552E2C700100AAA001 /* RebootCapabilityProvider.swift in Sources */ = {isa = PBXBuildFile; fileRef = F6A100562E2C700100AAA001 /* RebootCapabilityProvider.swift */; };
		F6A100572E2C700100AAA001 /* ScreenshotCapabilityProvider.swift in Sources */ = {isa = PBXBuildFile; fileRef = F6A100582E2C700100AAA001 /* ScreenshotCapabilityProvider.swift */; };
		F6A100592E2C700100AAA001 /* InstallCapabilityProvider.swift in Sources */ = {isa = PBXBuildFile; fileRef = F6A1005A2E2C700100AAA001 /* InstallCapabilityProvider.swift */; };
		F6A1005B2E2C800100AAA001 /* ADBCommandExecutor.swift in Sources */ = {isa = PBXBuildFile; fileRef = F6A1005C2E2C800100AAA001 /* ADBCommandExecutor.swift */; };
		F6A1005D2E2C800100AAA001 /* ADBDiscoveryGateway.swift in Sources */ = {isa = PBXBuildFile; fileRef = F6A1005E2E2C800100AAA001 /* ADBDiscoveryGateway.swift */; };
		F6A1005F2E2C800100AAA001 /* ADBRebootGateway.swift in Sources */ = {isa = PBXBuildFile; fileRef = F6A100602E2C800100AAA001 /* ADBRebootGateway.swift */; };
		F6A100612E2C800100AAA001 /* ADBScreenshotGateway.swift in Sources */ = {isa = PBXBuildFile; fileRef = F6A100622E2C800100AAA001 /* ADBScreenshotGateway.swift */; };
		F6A100632E2C800100AAA001 /* ADBPackageGateway.swift in Sources */ = {isa = PBXBuildFile; fileRef = F6A100642E2C800100AAA001 /* ADBPackageGateway.swift */; };
		F6A100652E2C800100AAA001 /* ADBMetricsGateway.swift in Sources */ = {isa = PBXBuildFile; fileRef = F6A100662E2C800100AAA001 /* ADBMetricsGateway.swift */; };
		F6A100672E2C800100AAA001 /* MockDeviceGateway.swift in Sources */ = {isa = PBXBuildFile; fileRef = F6A100682E2C800100AAA001 /* MockDeviceGateway.swift */; };
		F6A100692E2C900100AAA001 /* TerminalLauncherService.swift in Sources */ = {isa = PBXBuildFile; fileRef = F6A1006A2E2C900100AAA001 /* TerminalLauncherService.swift */; };
/* End PBXBuildFile section */

/* Begin PBXContainerItemProxy section */
		4C4C7D0821AAED1F0002127F /* PBXContainerItemProxy */ = {
			isa = PBXContainerItemProxy;
			containerPortal = 4C4C7CED21AAED1E0002127F /* Project object */;
			proxyType = 1;
			remoteGlobalIDString = 4C4C7CF421AAED1E0002127F;
			remoteInfo = "ADB Assistant";
		};
/* End PBXContainerItemProxy section */

/* Begin PBXFileReference section */
		4C22E0F921BA9D6C008C8543 /* Defaults.swift */ = {isa = PBXFileReference; lastKnownFileType = sourcecode.swift; path = Defaults.swift; sourceTree = "<group>"; };
		4C22E0FB21BAE7FD008C8543 /* DateHelpers.swift */ = {isa = PBXFileReference; lastKnownFileType = sourcecode.swift; path = DateHelpers.swift; sourceTree = "<group>"; };
		4C22E0FD21BAE94E008C8543 /* StringHelpers.swift */ = {isa = PBXFileReference; lastKnownFileType = sourcecode.swift; path = StringHelpers.swift; sourceTree = "<group>"; };
		4C4C7CF521AAED1E0002127F /* ADB Assistant.app */ = {isa = PBXFileReference; explicitFileType = wrapper.application; includeInIndex = 0; path = "ADB Assistant.app"; sourceTree = BUILT_PRODUCTS_DIR; };
		4C4C7D0121AAED1F0002127F /* Info.plist */ = {isa = PBXFileReference; lastKnownFileType = text.plist.xml; path = Info.plist; sourceTree = "<group>"; };
		4C4C7D0221AAED1F0002127F /* ADB_Assistant.entitlements */ = {isa = PBXFileReference; lastKnownFileType = text.plist.entitlements; path = ADB_Assistant.entitlements; sourceTree = "<group>"; };
		4C4C7D0721AAED1F0002127F /* ADB AssistantTests.xctest */ = {isa = PBXFileReference; explicitFileType = wrapper.cfbundle; includeInIndex = 0; path = "ADB AssistantTests.xctest"; sourceTree = BUILT_PRODUCTS_DIR; };
		4C4C7D0B21AAED1F0002127F /* ADB_AssistantTests.swift */ = {isa = PBXFileReference; lastKnownFileType = sourcecode.swift; path = ADB_AssistantTests.swift; sourceTree = "<group>"; };
		4C4C7D0D21AAED1F0002127F /* Info.plist */ = {isa = PBXFileReference; lastKnownFileType = text.plist.xml; path = Info.plist; sourceTree = "<group>"; };
		4C4C7D1721AB2E2A0002127F /* Bash.swift */ = {isa = PBXFileReference; lastKnownFileType = sourcecode.swift; path = Bash.swift; sourceTree = "<group>"; };
		4C4C7D1C21AB32E00002127F /* Shell.swift */ = {isa = PBXFileReference; lastKnownFileType = sourcecode.swift; path = Shell.swift; sourceTree = "<group>"; };
		4C8AEF2921AC83EC00AC9202 /* USBWatcher.swift */ = {isa = PBXFileReference; lastKnownFileType = sourcecode.swift; path = USBWatcher.swift; sourceTree = "<group>"; };
		4C8AEF2B21AF071700AC9202 /* Device.swift */ = {isa = PBXFileReference; lastKnownFileType = sourcecode.swift; path = Device.swift; sourceTree = "<group>"; };
		4C8AEF3621B16C2A00AC9202 /* ADBGatewayFactory.swift */ = {isa = PBXFileReference; lastKnownFileType = sourcecode.swift; path = ADBGatewayFactory.swift; sourceTree = "<group>"; };
		4C8AEF3821B16CAF00AC9202 /* MockGatewayFactory.swift */ = {isa = PBXFileReference; lastKnownFileType = sourcecode.swift; path = MockGatewayFactory.swift; sourceTree = "<group>"; };
		4C8AEF3E21B3CBDB00AC9202 /* Assets.xcassets */ = {isa = PBXFileReference; lastKnownFileType = folder.assetcatalog; path = Assets.xcassets; sourceTree = "<group>"; };
		F6A100012E2C000100AAA001 /* DeviceGateway.swift */ = {isa = PBXFileReference; lastKnownFileType = sourcecode.swift; path = DeviceGateway.swift; sourceTree = "<group>"; };
		F6A100032E2C000100AAA001 /* PreferencesStore.swift */ = {isa = PBXFileReference; lastKnownFileType = sourcecode.swift; path = PreferencesStore.swift; sourceTree = "<group>"; };
		F6A100052E2C000100AAA001 /* DeviceEventsSource.swift */ = {isa = PBXFileReference; lastKnownFileType = sourcecode.swift; path = DeviceEventsSource.swift; sourceTree = "<group>"; };
		F6A100072E2C000100AAA001 /* DeviceMetricsGateway.swift */ = {isa = PBXFileReference; lastKnownFileType = sourcecode.swift; path = DeviceMetricsGateway.swift; sourceTree = "<group>"; };
		F6A1000C2E2C000100AAA001 /* RefreshDevicesUseCase.swift */ = {isa = PBXFileReference; lastKnownFileType = sourcecode.swift; path = RefreshDevicesUseCase.swift; sourceTree = "<group>"; };
		F6A1000D2E2C000100AAA001 /* RebootDeviceUseCase.swift */ = {isa = PBXFileReference; lastKnownFileType = sourcecode.swift; path = RebootDeviceUseCase.swift; sourceTree = "<group>"; };
		F6A1000E2E2C000100AAA001 /* TakeScreenshotUseCase.swift */ = {isa = PBXFileReference; lastKnownFileType = sourcecode.swift; path = TakeScreenshotUseCase.swift; sourceTree = "<group>"; };
		F6A1000F2E2C000100AAA001 /* InstallAPKUseCase.swift */ = {isa = PBXFileReference; lastKnownFileType = sourcecode.swift; path = InstallAPKUseCase.swift; sourceTree = "<group>"; };
		F6A100102E2C000100AAA001 /* FetchDeviceMetricsUseCase.swift */ = {isa = PBXFileReference; lastKnownFileType = sourcecode.swift; path = FetchDeviceMetricsUseCase.swift; sourceTree = "<group>"; };
		F6A1001F2E2C100100AAA001 /* TileModels.swift */ = {isa = PBXFileReference; lastKnownFileType = sourcecode.swift; path = TileModels.swift; sourceTree = "<group>"; };
		F6A100202E2C100100AAA001 /* AppAlert.swift */ = {isa = PBXFileReference; lastKnownFileType = sourcecode.swift; path = AppAlert.swift; sourceTree = "<group>"; };
		F6A100242E2C100100AAA001 /* DashboardViewModel.swift */ = {isa = PBXFileReference; lastKnownFileType = sourcecode.swift; path = DashboardViewModel.swift; sourceTree = "<group>"; };
		F6A100262E2C200100AAA001 /* DeviceListViewModel.swift */ = {isa = PBXFileReference; lastKnownFileType = sourcecode.swift; path = DeviceListViewModel.swift; sourceTree = "<group>"; };
		F6A100282E2C200100AAA001 /* MetricsViewModel.swift */ = {isa = PBXFileReference; lastKnownFileType = sourcecode.swift; path = MetricsViewModel.swift; sourceTree = "<group>"; };
		F6A1002A2E2C300100AAA001 /* DeviceMetricsPoints.swift */ = {isa = PBXFileReference; lastKnownFileType = sourcecode.swift; path = DeviceMetricsPoints.swift; sourceTree = "<group>"; };
		F5C9E5012E2BF8E500D3EA1A /* ADBAssistantApp.swift */ = {isa = PBXFileReference; lastKnownFileType = sourcecode.swift; path = ADBAssistantApp.swift; sourceTree = "<group>"; };
		F5C9E5022E2BF8E500D3EA1A /* AppState.swift */ = {isa = PBXFileReference; lastKnownFileType = sourcecode.swift; path = AppState.swift; sourceTree = "<group>"; };
		F5C9E5032E2BF8E500D3EA1A /* MainView.swift */ = {isa = PBXFileReference; lastKnownFileType = sourcecode.swift; path = MainView.swift; sourceTree = "<group>"; };
		F5C9E5042E2BF8E500D3EA1A /* SetupView.swift */ = {isa = PBXFileReference; lastKnownFileType = sourcecode.swift; path = SetupView.swift; sourceTree = "<group>"; };
		F5C9E50C2E2BF8E500D3EA1A /* SidebarView.swift */ = {isa = PBXFileReference; lastKnownFileType = sourcecode.swift; path = SidebarView.swift; sourceTree = "<group>"; };
		F5C9E50E2E2BF8E500D3EA1A /* PreferencesView.swift */ = {isa = PBXFileReference; lastKnownFileType = sourcecode.swift; path = PreferencesView.swift; sourceTree = "<group>"; };
		F5C9E5122E2BF8E500D3EA1A /* TileSettingsSheet.swift */ = {isa = PBXFileReference; lastKnownFileType = sourcecode.swift; path = TileSettingsSheet.swift; sourceTree = "<group>"; };
		F6A1002C2E2C400100AAA001 /* TileCard.swift */ = {isa = PBXFileReference; lastKnownFileType = sourcecode.swift; path = TileCard.swift; sourceTree = "<group>"; };
		F6A1002D2E2C400100AAA001 /* ButtonTileView.swift */ = {isa = PBXFileReference; lastKnownFileType = sourcecode.swift; path = ButtonTileView.swift; sourceTree = "<group>"; };
		F6A1002E2E2C400100AAA001 /* DragDropTileView.swift */ = {isa = PBXFileReference; lastKnownFileType = sourcecode.swift; path = DragDropTileView.swift; sourceTree = "<group>"; };
		F6A1002F2E2C400100AAA001 /* MetricsGraphs.swift */ = {isa = PBXFileReference; lastKnownFileType = sourcecode.swift; path = MetricsGraphs.swift; sourceTree = "<group>"; };
		F6A100302E2C400100AAA001 /* MetricsTiles.swift */ = {isa = PBXFileReference; lastKnownFileType = sourcecode.swift; path = MetricsTiles.swift; sourceTree = "<group>"; };
		F6A1003D2E2C500100AAA001 /* TileLayoutMetrics.swift */ = {isa = PBXFileReference; lastKnownFileType = sourcecode.swift; path = TileLayoutMetrics.swift; sourceTree = "<group>"; };
		F6A1003E2E2C500100AAA001 /* DashboardView.swift */ = {isa = PBXFileReference; lastKnownFileType = sourcecode.swift; path = DashboardView.swift; sourceTree = "<group>"; };
		F6A1003F2E2C500100AAA001 /* TileSectionViews.swift */ = {isa = PBXFileReference; lastKnownFileType = sourcecode.swift; path = TileSectionViews.swift; sourceTree = "<group>"; };
		F6A100402E2C500100AAA001 /* EmptyDashboardPlaceholderView.swift */ = {isa = PBXFileReference; lastKnownFileType = sourcecode.swift; path = EmptyDashboardPlaceholderView.swift; sourceTree = "<group>"; };
		F6A100462E2C600100AAA001 /* DeviceActionsService.swift */ = {isa = PBXFileReference; lastKnownFileType = sourcecode.swift; path = DeviceActionsService.swift; sourceTree = "<group>"; };
		F6A100482E2C600100AAA001 /* DeviceMetricsCoordinator.swift */ = {isa = PBXFileReference; lastKnownFileType = sourcecode.swift; path = DeviceMetricsCoordinator.swift; sourceTree = "<group>"; };
		F6A1004A2E2C600100AAA001 /* DeviceEventsCoordinator.swift */ = {isa = PBXFileReference; lastKnownFileType = sourcecode.swift; path = DeviceEventsCoordinator.swift; sourceTree = "<group>"; };
		F6A1004C2E2C600100AAA001 /* AppPreferencesService.swift */ = {isa = PBXFileReference; lastKnownFileType = sourcecode.swift; path = AppPreferencesService.swift; sourceTree = "<group>"; };
		F6A100502E2C700100AAA001 /* CapabilityTypes.swift */ = {isa = PBXFileReference; lastKnownFileType = sourcecode.swift; path = CapabilityTypes.swift; sourceTree = "<group>"; };
		F6A100522E2C700100AAA001 /* CapabilityRegistry.swift */ = {isa = PBXFileReference; lastKnownFileType = sourcecode.swift; path = CapabilityRegistry.swift; sourceTree = "<group>"; };
		F6A100542E2C700100AAA001 /* MetricsCapabilityProvider.swift */ = {isa = PBXFileReference; lastKnownFileType = sourcecode.swift; path = MetricsCapabilityProvider.swift; sourceTree = "<group>"; };
		F6A100562E2C700100AAA001 /* RebootCapabilityProvider.swift */ = {isa = PBXFileReference; lastKnownFileType = sourcecode.swift; path = RebootCapabilityProvider.swift; sourceTree = "<group>"; };
		F6A100582E2C700100AAA001 /* ScreenshotCapabilityProvider.swift */ = {isa = PBXFileReference; lastKnownFileType = sourcecode.swift; path = ScreenshotCapabilityProvider.swift; sourceTree = "<group>"; };
		F6A1005A2E2C700100AAA001 /* InstallCapabilityProvider.swift */ = {isa = PBXFileReference; lastKnownFileType = sourcecode.swift; path = InstallCapabilityProvider.swift; sourceTree = "<group>"; };
		F6A1005C2E2C800100AAA001 /* ADBCommandExecutor.swift */ = {isa = PBXFileReference; lastKnownFileType = sourcecode.swift; path = ADBCommandExecutor.swift; sourceTree = "<group>"; };
		F6A1005E2E2C800100AAA001 /* ADBDiscoveryGateway.swift */ = {isa = PBXFileReference; lastKnownFileType = sourcecode.swift; path = ADBDiscoveryGateway.swift; sourceTree = "<group>"; };
		F6A100602E2C800100AAA001 /* ADBRebootGateway.swift */ = {isa = PBXFileReference; lastKnownFileType = sourcecode.swift; path = ADBRebootGateway.swift; sourceTree = "<group>"; };
		F6A100622E2C800100AAA001 /* ADBScreenshotGateway.swift */ = {isa = PBXFileReference; lastKnownFileType = sourcecode.swift; path = ADBScreenshotGateway.swift; sourceTree = "<group>"; };
		F6A100642E2C800100AAA001 /* ADBPackageGateway.swift */ = {isa = PBXFileReference; lastKnownFileType = sourcecode.swift; path = ADBPackageGateway.swift; sourceTree = "<group>"; };
		F6A100662E2C800100AAA001 /* ADBMetricsGateway.swift */ = {isa = PBXFileReference; lastKnownFileType = sourcecode.swift; path = ADBMetricsGateway.swift; sourceTree = "<group>"; };
		F6A100682E2C800100AAA001 /* MockDeviceGateway.swift */ = {isa = PBXFileReference; lastKnownFileType = sourcecode.swift; path = MockDeviceGateway.swift; sourceTree = "<group>"; };
		F6A1006A2E2C900100AAA001 /* TerminalLauncherService.swift */ = {isa = PBXFileReference; lastKnownFileType = sourcecode.swift; path = TerminalLauncherService.swift; sourceTree = "<group>"; };
/* End PBXFileReference section */

/* Begin PBXFrameworksBuildPhase section */
		4C4C7CF221AAED1E0002127F /* Frameworks */ = {
			isa = PBXFrameworksBuildPhase;
			buildActionMask = 2147483647;
			files = (
			);
			runOnlyForDeploymentPostprocessing = 0;
		};
		4C4C7D0421AAED1F0002127F /* Frameworks */ = {
			isa = PBXFrameworksBuildPhase;
			buildActionMask = 2147483647;
			files = (
			);
			runOnlyForDeploymentPostprocessing = 0;
		};
/* End PBXFrameworksBuildPhase section */

/* Begin PBXGroup section */
		4C22E0FF21BB95C1008C8543 /* Resources */ = {
			isa = PBXGroup;
			children = (
				4C8AEF3E21B3CBDB00AC9202 /* Assets.xcassets */,
			);
			path = Resources;
			sourceTree = "<group>";
		};
		4C22E10021BB95DE008C8543 /* Configuration */ = {
			isa = PBXGroup;
			children = (
				4C4C7D0221AAED1F0002127F /* ADB_Assistant.entitlements */,
				4C4C7D0121AAED1F0002127F /* Info.plist */,
			);
			path = Configuration;
			sourceTree = "<group>";
		};
		4C4C7CEC21AAED1E0002127F = {
			isa = PBXGroup;
			children = (
				4C4C7CF721AAED1E0002127F /* ADB Assistant */,
				4C4C7D0A21AAED1F0002127F /* ADB AssistantTests */,
				4C4C7CF621AAED1E0002127F /* Products */,
			);
			sourceTree = "<group>";
		};
		4C4C7CF621AAED1E0002127F /* Products */ = {
			isa = PBXGroup;
			children = (
				4C4C7CF521AAED1E0002127F /* ADB Assistant.app */,
				4C4C7D0721AAED1F0002127F /* ADB AssistantTests.xctest */,
			);
			name = Products;
			sourceTree = "<group>";
		};
		4C4C7CF721AAED1E0002127F /* ADB Assistant */ = {
			isa = PBXGroup;
			children = (
				4C675E922EDA3D3D001CEA25 /* Presentation */,
				4C675E912EDA3D2C001CEA25 /* Infrastructure */,
				4C675E8E2EDA2EFD001CEA25 /* Domain */,
				F5C9E5002E2BF8E500D3EA1A /* Application */,
				4C8AEF3521B151B800AC9202 /* Helpers */,
				4C22E0FF21BB95C1008C8543 /* Resources */,
				4C22E10021BB95DE008C8543 /* Configuration */,
			);
			path = "ADB Assistant";
			sourceTree = "<group>";
		};
		4C4C7D0A21AAED1F0002127F /* ADB AssistantTests */ = {
			isa = PBXGroup;
			children = (
				4C4C7D0B21AAED1F0002127F /* ADB_AssistantTests.swift */,
				4C4C7D0D21AAED1F0002127F /* Info.plist */,
			);
			path = "ADB AssistantTests";
			sourceTree = "<group>";
		};
		4C4C7D1E21AB346F0002127F /* ADB */ = {
			isa = PBXGroup;
			children = (
				F6A1005C2E2C800100AAA001 /* ADBCommandExecutor.swift */,
				F6A1005E2E2C800100AAA001 /* ADBDiscoveryGateway.swift */,
				F6A100602E2C800100AAA001 /* ADBRebootGateway.swift */,
				F6A100622E2C800100AAA001 /* ADBScreenshotGateway.swift */,
				F6A100642E2C800100AAA001 /* ADBPackageGateway.swift */,
				F6A100662E2C800100AAA001 /* ADBMetricsGateway.swift */,
				4C8AEF3621B16C2A00AC9202 /* ADBGatewayFactory.swift */,
				4C8AEF3821B16CAF00AC9202 /* MockGatewayFactory.swift */,
				F6A100682E2C800100AAA001 /* MockDeviceGateway.swift */,
				F6A1006A2E2C900100AAA001 /* TerminalLauncherService.swift */,
			);
			path = ADB;
			sourceTree = "<group>";
		};
		4C675E8E2EDA2EFD001CEA25 /* Domain */ = {
			isa = PBXGroup;
			children = (
				4C675E902EDA2F25001CEA25 /* Interfaces */,
				4C675E8F2EDA2F18001CEA25 /* UseCases */,
				4C8AEF2821AC66E500AC9202 /* Entities */,
			);
			path = Domain;
			sourceTree = "<group>";
		};
		4C675E8F2EDA2F18001CEA25 /* UseCases */ = {
			isa = PBXGroup;
			children = (
				F6A1000C2E2C000100AAA001 /* RefreshDevicesUseCase.swift */,
				F6A1000D2E2C000100AAA001 /* RebootDeviceUseCase.swift */,
				F6A1000E2E2C000100AAA001 /* TakeScreenshotUseCase.swift */,
				F6A1000F2E2C000100AAA001 /* InstallAPKUseCase.swift */,
				F6A100102E2C000100AAA001 /* FetchDeviceMetricsUseCase.swift */,
			);
			path = UseCases;
			sourceTree = "<group>";
		};
		4C675E902EDA2F25001CEA25 /* Interfaces */ = {
			isa = PBXGroup;
			children = (
				F6A100012E2C000100AAA001 /* DeviceGateway.swift */,
				F6A100032E2C000100AAA001 /* PreferencesStore.swift */,
				F6A100052E2C000100AAA001 /* DeviceEventsSource.swift */,
				F6A100072E2C000100AAA001 /* DeviceMetricsGateway.swift */,
				4C4C7D1C21AB32E00002127F /* Shell.swift */,
			);
			path = Interfaces;
			sourceTree = "<group>";
		};
		4C675E912EDA3D2C001CEA25 /* Infrastructure */ = {
			isa = PBXGroup;
			children = (
				4C4C7D1721AB2E2A0002127F /* Bash.swift */,
				4C8AEF2921AC83EC00AC9202 /* USBWatcher.swift */,
				4C4C7D1E21AB346F0002127F /* ADB */,
			);
			path = Infrastructure;
			sourceTree = "<group>";
		};
		4C675E922EDA3D3D001CEA25 /* Presentation */ = {
			isa = PBXGroup;
			children = (
				F6A1001E2E2C100100AAA001 /* Models */,
				F6A100362E2C400100AAA001 /* Views */,
				F6A100232E2C100100AAA001 /* ViewModels */,
			);
			path = Presentation;
			sourceTree = "<group>";
		};
		F6A100362E2C400100AAA001 /* Views */ = {
			isa = PBXGroup;
			children = (
				F6A100382E2C500100AAA001 /* Dashboard */,
				F6A100372E2C400100AAA001 /* Tiles */,
			);
			path = Views;
			sourceTree = "<group>";
		};
		F6A100382E2C500100AAA001 /* Dashboard */ = {
			isa = PBXGroup;
			children = (
				F6A1003D2E2C500100AAA001 /* TileLayoutMetrics.swift */,
				F6A1003E2E2C500100AAA001 /* DashboardView.swift */,
				F6A1003F2E2C500100AAA001 /* TileSectionViews.swift */,
				F6A100402E2C500100AAA001 /* EmptyDashboardPlaceholderView.swift */,
			);
			path = Dashboard;
			sourceTree = "<group>";
		};
		F6A100372E2C400100AAA001 /* Tiles */ = {
			isa = PBXGroup;
			children = (
				F6A1002C2E2C400100AAA001 /* TileCard.swift */,
				F6A1002D2E2C400100AAA001 /* ButtonTileView.swift */,
				F6A1002E2E2C400100AAA001 /* DragDropTileView.swift */,
				F6A100302E2C400100AAA001 /* MetricsTiles.swift */,
				F6A1002F2E2C400100AAA001 /* MetricsGraphs.swift */,
			);
			path = Tiles;
			sourceTree = "<group>";
		};
		F6A100232E2C100100AAA001 /* ViewModels */ = {
			isa = PBXGroup;
			children = (
				F6A100242E2C100100AAA001 /* DashboardViewModel.swift */,
				F6A100262E2C200100AAA001 /* DeviceListViewModel.swift */,
				F6A100282E2C200100AAA001 /* MetricsViewModel.swift */,
			);
			path = ViewModels;
			sourceTree = "<group>";
		};
		F6A1001E2E2C100100AAA001 /* Models */ = {
			isa = PBXGroup;
			children = (
				F6A1001F2E2C100100AAA001 /* TileModels.swift */,
				F6A100202E2C100100AAA001 /* AppAlert.swift */,
				F6A1002A2E2C300100AAA001 /* DeviceMetricsPoints.swift */,
				F6A100502E2C700100AAA001 /* CapabilityTypes.swift */,
				F6A100522E2C700100AAA001 /* CapabilityRegistry.swift */,
				F6A100542E2C700100AAA001 /* MetricsCapabilityProvider.swift */,
				F6A100562E2C700100AAA001 /* RebootCapabilityProvider.swift */,
				F6A100582E2C700100AAA001 /* ScreenshotCapabilityProvider.swift */,
				F6A1005A2E2C700100AAA001 /* InstallCapabilityProvider.swift */,
			);
			path = Models;
			sourceTree = "<group>";
		};
		4C8AEF2821AC66E500AC9202 /* Entities */ = {
			isa = PBXGroup;
			children = (
				4C8AEF2B21AF071700AC9202 /* Device.swift */,
			);
			path = Entities;
			sourceTree = "<group>";
		};
		4C8AEF3521B151B800AC9202 /* Helpers */ = {
			isa = PBXGroup;
			children = (
				4C22E0F921BA9D6C008C8543 /* Defaults.swift */,
				4C22E0FB21BAE7FD008C8543 /* DateHelpers.swift */,
				4C22E0FD21BAE94E008C8543 /* StringHelpers.swift */,
			);
			path = Helpers;
			sourceTree = "<group>";
		};
		F5C9E5002E2BF8E500D3EA1A /* Application */ = {
			isa = PBXGroup;
			children = (
				F5C9E5012E2BF8E500D3EA1A /* ADBAssistantApp.swift */,
				F5C9E5022E2BF8E500D3EA1A /* AppState.swift */,
				F6A100462E2C600100AAA001 /* DeviceActionsService.swift */,
				F6A100482E2C600100AAA001 /* DeviceMetricsCoordinator.swift */,
				F6A1004A2E2C600100AAA001 /* DeviceEventsCoordinator.swift */,
				F6A1004C2E2C600100AAA001 /* AppPreferencesService.swift */,
				F5C9E5032E2BF8E500D3EA1A /* MainView.swift */,
				F5C9E50C2E2BF8E500D3EA1A /* SidebarView.swift */,
				F5C9E50E2E2BF8E500D3EA1A /* PreferencesView.swift */,
				F5C9E5122E2BF8E500D3EA1A /* TileSettingsSheet.swift */,
				F5C9E5042E2BF8E500D3EA1A /* SetupView.swift */,
			);
			path = Application;
			sourceTree = "<group>";
		};
/* End PBXGroup section */

/* Begin PBXNativeTarget section */
		4C4C7CF421AAED1E0002127F /* ADB Assistant */ = {
			isa = PBXNativeTarget;
			buildConfigurationList = 4C4C7D1021AAED1F0002127F /* Build configuration list for PBXNativeTarget "ADB Assistant" */;
			buildPhases = (
				4C4C7CF121AAED1E0002127F /* Sources */,
				4C4C7CF221AAED1E0002127F /* Frameworks */,
				4C4C7CF321AAED1E0002127F /* Resources */,
				4C4575BA21F1DEA20069449D /* ShellScript */,
				4CC45E8921F1BD5800458126 /* ShellScript */,
			);
			buildRules = (
			);
			dependencies = (
			);
			name = "ADB Assistant";
			productName = "ADB Assistant";
			productReference = 4C4C7CF521AAED1E0002127F /* ADB Assistant.app */;
			productType = "com.apple.product-type.application";
		};
		4C4C7D0621AAED1F0002127F /* ADB AssistantTests */ = {
			isa = PBXNativeTarget;
			buildConfigurationList = 4C4C7D1321AAED1F0002127F /* Build configuration list for PBXNativeTarget "ADB AssistantTests" */;
			buildPhases = (
				4C4C7D0321AAED1F0002127F /* Sources */,
				4C4C7D0421AAED1F0002127F /* Frameworks */,
				4C4C7D0521AAED1F0002127F /* Resources */,
			);
			buildRules = (
			);
			dependencies = (
				4C4C7D0921AAED1F0002127F /* PBXTargetDependency */,
			);
			name = "ADB AssistantTests";
			productName = "ADB AssistantTests";
			productReference = 4C4C7D0721AAED1F0002127F /* ADB AssistantTests.xctest */;
			productType = "com.apple.product-type.bundle.unit-test";
		};
/* End PBXNativeTarget section */

/* Begin PBXProject section */
		4C4C7CED21AAED1E0002127F /* Project object */ = {
			isa = PBXProject;
			attributes = {
				BuildIndependentTargetsInParallel = YES;
				LastSwiftUpdateCheck = 1010;
				LastUpgradeCheck = 2610;
				ORGANIZATIONNAME = "Michael Ovchinnikov";
				TargetAttributes = {
					4C4C7CF421AAED1E0002127F = {
						CreatedOnToolsVersion = 10.1;
						LastSwiftMigration = "";
						SystemCapabilities = {
							com.apple.Sandbox = {
								enabled = 0;
							};
						};
					};
					4C4C7D0621AAED1F0002127F = {
						CreatedOnToolsVersion = 10.1;
						LastSwiftMigration = "";
						TestTargetID = 4C4C7CF421AAED1E0002127F;
					};
				};
			};
			buildConfigurationList = 4C4C7CF021AAED1E0002127F /* Build configuration list for PBXProject "ADB Assistant" */;
			compatibilityVersion = "Xcode 9.3";
			developmentRegion = en;
			hasScannedForEncodings = 0;
			knownRegions = (
				en,
				Base,
			);
			mainGroup = 4C4C7CEC21AAED1E0002127F;
			productRefGroup = 4C4C7CF621AAED1E0002127F /* Products */;
			projectDirPath = "";
			projectRoot = "";
			targets = (
				4C4C7CF421AAED1E0002127F /* ADB Assistant */,
				4C4C7D0621AAED1F0002127F /* ADB AssistantTests */,
			);
		};
/* End PBXProject section */

/* Begin PBXResourcesBuildPhase section */
		4C4C7CF321AAED1E0002127F /* Resources */ = {
			isa = PBXResourcesBuildPhase;
			buildActionMask = 2147483647;
			files = (
				4C8AEF3F21B3CBDB00AC9202 /* Assets.xcassets in Resources */,
			);
			runOnlyForDeploymentPostprocessing = 0;
		};
		4C4C7D0521AAED1F0002127F /* Resources */ = {
			isa = PBXResourcesBuildPhase;
			buildActionMask = 2147483647;
			files = (
			);
			runOnlyForDeploymentPostprocessing = 0;
		};
/* End PBXResourcesBuildPhase section */

/* Begin PBXShellScriptBuildPhase section */
		4C4575BA21F1DEA20069449D /* ShellScript */ = {
			isa = PBXShellScriptBuildPhase;
			buildActionMask = 2147483647;
			files = (
			);
			inputFileListPaths = (
			);
			inputPaths = (
			);
			outputFileListPaths = (
			);
			outputPaths = (
				"$(DERIVED_FILE_DIR)/swiftformat.stamp",
			);
			runOnlyForDeploymentPostprocessing = 0;
			shellPath = /bin/sh;
			shellScript = "PROJECT_DIR=\"${PROJECT_DIR:-$PWD}\"\nif which swiftformat >/dev/null; then\n  swiftformat --swiftversion 5.9 --disable trailingCommas \"$PROJECT_DIR/ADB Assistant\" \"$PROJECT_DIR/ADB AssistantTests\" \"$PROJECT_DIR/Dangerfile.swift\"\nelse\n  echo \"warning: SwiftFormat not installed, download from https://github.com/nicklockwood/SwiftFormat\"\nfi\n\nif [ -n \"$SCRIPT_OUTPUT_FILE_0\" ]; then\n  touch \"$SCRIPT_OUTPUT_FILE_0\"\nfi\n";
		};
		4CC45E8921F1BD5800458126 /* ShellScript */ = {
			isa = PBXShellScriptBuildPhase;
			buildActionMask = 2147483647;
			files = (
			);
			inputFileListPaths = (
			);
			inputPaths = (
			);
			outputFileListPaths = (
			);
			outputPaths = (
				"$(DERIVED_FILE_DIR)/swiftlint.stamp",
			);
			runOnlyForDeploymentPostprocessing = 0;
			shellPath = /bin/sh;
			shellScript = "PROJECT_DIR=\"${PROJECT_DIR:-$PWD}\"\nif which swiftlint >/dev/null; then\n  STATUS=0\n  for path in \"$PROJECT_DIR/ADB Assistant\" \"$PROJECT_DIR/ADB AssistantTests\" \"$PROJECT_DIR/Dangerfile.swift\"; do\n    if [ -e \"$path\" ]; then\n      swiftlint lint --quiet \"$path\" || STATUS=$?\n    fi\n  done\nelse\n  echo \"warning: SwiftLint not installed, download from https://github.com/realm/SwiftLint\"\nfi\n\nif [ -n \"$SCRIPT_OUTPUT_FILE_0\" ]; then\n  touch \"$SCRIPT_OUTPUT_FILE_0\"\nfi\n\nif [ ${STATUS:-0} -ne 0 ]; then\n  exit $STATUS\nfi\n";
		};
/* End PBXShellScriptBuildPhase section */

/* Begin PBXSourcesBuildPhase section */
		4C4C7CF121AAED1E0002127F /* Sources */ = {
			isa = PBXSourcesBuildPhase;
			buildActionMask = 2147483647;
			files = (
				F5C9E5052E2BF8E500D3EA1A /* ADBAssistantApp.swift in Sources */,
				F5C9E5062E2BF8E500D3EA1A /* AppState.swift in Sources */,
				F6A100452E2C600100AAA001 /* DeviceActionsService.swift in Sources */,
				F6A100692E2C900100AAA001 /* TerminalLauncherService.swift in Sources */,
				F6A100472E2C600100AAA001 /* DeviceMetricsCoordinator.swift in Sources */,
				F6A100492E2C600100AAA001 /* DeviceEventsCoordinator.swift in Sources */,
				F6A1004B2E2C600100AAA001 /* AppPreferencesService.swift in Sources */,
				F5C9E5072E2BF8E500D3EA1A /* MainView.swift in Sources */,
				F5C9E5082E2BF8E500D3EA1A /* SetupView.swift in Sources */,
				F5C9E50B2E2BF8E500D3EA1A /* SidebarView.swift in Sources */,
				F5C9E50D2E2BF8E500D3EA1A /* PreferencesView.swift in Sources */,
				F5C9E5112E2BF8E500D3EA1A /* TileSettingsSheet.swift in Sources */,
				F6A100412E2C500100AAA001 /* TileLayoutMetrics.swift in Sources */,
				F6A100422E2C500100AAA001 /* DashboardView.swift in Sources */,
				F6A100432E2C500100AAA001 /* TileSectionViews.swift in Sources */,
				F6A100442E2C500100AAA001 /* EmptyDashboardPlaceholderView.swift in Sources */,
				F6A100312E2C400100AAA001 /* TileCard.swift in Sources */,
				F6A100322E2C400100AAA001 /* ButtonTileView.swift in Sources */,
				F6A100332E2C400100AAA001 /* DragDropTileView.swift in Sources */,
				F6A100352E2C400100AAA001 /* MetricsTiles.swift in Sources */,
				F6A100342E2C400100AAA001 /* MetricsGraphs.swift in Sources */,
				4C22E0FE21BAE94E008C8543 /* StringHelpers.swift in Sources */,
				4C22E0FC21BAE7FD008C8543 /* DateHelpers.swift in Sources */,
				4C22E0FA21BA9D6C008C8543 /* Defaults.swift in Sources */,
				4C4C7D1821AB2E2A0002127F /* Bash.swift in Sources */,
				4C4C7D1D21AB32E00002127F /* Shell.swift in Sources */,
				F6A100022E2C000100AAA001 /* DeviceGateway.swift in Sources */,
				F6A100042E2C000100AAA001 /* PreferencesStore.swift in Sources */,
				F6A100062E2C000100AAA001 /* DeviceEventsSource.swift in Sources */,
				F6A100162E2C000100AAA001 /* DeviceMetricsGateway.swift in Sources */,
				F6A100112E2C000100AAA001 /* RefreshDevicesUseCase.swift in Sources */,
				F6A100122E2C000100AAA001 /* RebootDeviceUseCase.swift in Sources */,
				F6A100132E2C000100AAA001 /* TakeScreenshotUseCase.swift in Sources */,
				F6A100142E2C000100AAA001 /* InstallAPKUseCase.swift in Sources */,
				F6A100152E2C000100AAA001 /* FetchDeviceMetricsUseCase.swift in Sources */,
				F6A100212E2C100100AAA001 /* TileModels.swift in Sources */,
				F6A100222E2C100100AAA001 /* AppAlert.swift in Sources */,
				F6A1002B2E2C300100AAA001 /* DeviceMetricsPoints.swift in Sources */,
				F6A1004F2E2C700100AAA001 /* CapabilityTypes.swift in Sources */,
				F6A100512E2C700100AAA001 /* CapabilityRegistry.swift in Sources */,
				F6A100532E2C700100AAA001 /* MetricsCapabilityProvider.swift in Sources */,
				F6A100552E2C700100AAA001 /* RebootCapabilityProvider.swift in Sources */,
				F6A100572E2C700100AAA001 /* ScreenshotCapabilityProvider.swift in Sources */,
				F6A100592E2C700100AAA001 /* InstallCapabilityProvider.swift in Sources */,
				F6A100252E2C100100AAA001 /* DashboardViewModel.swift in Sources */,
				F6A100272E2C200100AAA001 /* DeviceListViewModel.swift in Sources */,
				F6A100292E2C200100AAA001 /* MetricsViewModel.swift in Sources */,
				4C8AEF2A21AC83EC00AC9202 /* USBWatcher.swift in Sources */,
				F6A1005B2E2C800100AAA001 /* ADBCommandExecutor.swift in Sources */,
				F6A1005D2E2C800100AAA001 /* ADBDiscoveryGateway.swift in Sources */,
				F6A1005F2E2C800100AAA001 /* ADBRebootGateway.swift in Sources */,
				F6A100612E2C800100AAA001 /* ADBScreenshotGateway.swift in Sources */,
				F6A100632E2C800100AAA001 /* ADBPackageGateway.swift in Sources */,
				F6A100652E2C800100AAA001 /* ADBMetricsGateway.swift in Sources */,
				4C8AEF3721B16C2A00AC9202 /* ADBGatewayFactory.swift in Sources */,
				4C8AEF3921B16CAF00AC9202 /* MockGatewayFactory.swift in Sources */,
				F6A100672E2C800100AAA001 /* MockDeviceGateway.swift in Sources */,
				4C8AEF2C21AF071700AC9202 /* Device.swift in Sources */,
			);
			runOnlyForDeploymentPostprocessing = 0;
		};
		4C4C7D0321AAED1F0002127F /* Sources */ = {
			isa = PBXSourcesBuildPhase;
			buildActionMask = 2147483647;
			files = (
				4C4C7D0C21AAED1F0002127F /* ADB_AssistantTests.swift in Sources */,
			);
			runOnlyForDeploymentPostprocessing = 0;
		};
/* End PBXSourcesBuildPhase section */

/* Begin PBXTargetDependency section */
		4C4C7D0921AAED1F0002127F /* PBXTargetDependency */ = {
			isa = PBXTargetDependency;
			target = 4C4C7CF421AAED1E0002127F /* ADB Assistant */;
			targetProxy = 4C4C7D0821AAED1F0002127F /* PBXContainerItemProxy */;
		};
/* End PBXTargetDependency section */

/* Begin XCBuildConfiguration section */
		4C4C7D0E21AAED1F0002127F /* Debug */ = {
			isa = XCBuildConfiguration;
			buildSettings = {
				ALWAYS_SEARCH_USER_PATHS = NO;
				ASSETCATALOG_COMPILER_GENERATE_SWIFT_ASSET_SYMBOL_EXTENSIONS = YES;
				CLANG_ANALYZER_NONNULL = YES;
				CLANG_ANALYZER_NUMBER_OBJECT_CONVERSION = YES_AGGRESSIVE;
				CLANG_CXX_LANGUAGE_STANDARD = "gnu++14";
				CLANG_CXX_LIBRARY = "libc++";
				CLANG_ENABLE_MODULES = YES;
				CLANG_ENABLE_OBJC_ARC = YES;
				CLANG_ENABLE_OBJC_WEAK = YES;
				CLANG_WARN_BLOCK_CAPTURE_AUTORELEASING = YES;
				CLANG_WARN_BOOL_CONVERSION = YES;
				CLANG_WARN_COMMA = YES;
				CLANG_WARN_CONSTANT_CONVERSION = YES;
				CLANG_WARN_DEPRECATED_OBJC_IMPLEMENTATIONS = YES;
				CLANG_WARN_DIRECT_OBJC_ISA_USAGE = YES_ERROR;
				CLANG_WARN_DOCUMENTATION_COMMENTS = YES;
				CLANG_WARN_EMPTY_BODY = YES;
				CLANG_WARN_ENUM_CONVERSION = YES;
				CLANG_WARN_INFINITE_RECURSION = YES;
				CLANG_WARN_INT_CONVERSION = YES;
				CLANG_WARN_NON_LITERAL_NULL_CONVERSION = YES;
				CLANG_WARN_OBJC_IMPLICIT_RETAIN_SELF = YES;
				CLANG_WARN_OBJC_LITERAL_CONVERSION = YES;
				CLANG_WARN_OBJC_ROOT_CLASS = YES_ERROR;
				CLANG_WARN_QUOTED_INCLUDE_IN_FRAMEWORK_HEADER = YES;
				CLANG_WARN_RANGE_LOOP_ANALYSIS = YES;
				CLANG_WARN_STRICT_PROTOTYPES = YES;
				CLANG_WARN_SUSPICIOUS_MOVE = YES;
				CLANG_WARN_UNGUARDED_AVAILABILITY = YES_AGGRESSIVE;
				CLANG_WARN_UNREACHABLE_CODE = YES;
				CLANG_WARN__DUPLICATE_METHOD_MATCH = YES;
				CODE_SIGN_IDENTITY = "Mac Developer";
				COPY_PHASE_STRIP = NO;
				DEAD_CODE_STRIPPING = YES;
				DEBUG_INFORMATION_FORMAT = dwarf;
				ENABLE_STRICT_OBJC_MSGSEND = YES;
				ENABLE_TESTABILITY = YES;
				ENABLE_USER_SCRIPT_SANDBOXING = NO;
				GCC_C_LANGUAGE_STANDARD = gnu11;
				GCC_DYNAMIC_NO_PIC = NO;
				GCC_NO_COMMON_BLOCKS = YES;
				GCC_OPTIMIZATION_LEVEL = 0;
				GCC_PREPROCESSOR_DEFINITIONS = (
					"DEBUG=1",
					"$(inherited)",
				);
				GCC_WARN_64_TO_32_BIT_CONVERSION = YES;
				GCC_WARN_ABOUT_RETURN_TYPE = YES_ERROR;
				GCC_WARN_UNDECLARED_SELECTOR = YES;
				GCC_WARN_UNINITIALIZED_AUTOS = YES_AGGRESSIVE;
				GCC_WARN_UNUSED_FUNCTION = YES;
				GCC_WARN_UNUSED_VARIABLE = YES;
				MACOSX_DEPLOYMENT_TARGET = 10.14;
				MTL_ENABLE_DEBUG_INFO = INCLUDE_SOURCE;
				MTL_FAST_MATH = YES;
				ONLY_ACTIVE_ARCH = YES;
				SDKROOT = macosx;
				STRING_CATALOG_GENERATE_SYMBOLS = YES;
				SWIFT_ACTIVE_COMPILATION_CONDITIONS = DEBUG;
				SWIFT_OPTIMIZATION_LEVEL = "-Onone";
			};
			name = Debug;
		};
		4C4C7D0F21AAED1F0002127F /* Release */ = {
			isa = XCBuildConfiguration;
			buildSettings = {
				ALWAYS_SEARCH_USER_PATHS = NO;
				ASSETCATALOG_COMPILER_GENERATE_SWIFT_ASSET_SYMBOL_EXTENSIONS = YES;
				CLANG_ANALYZER_NONNULL = YES;
				CLANG_ANALYZER_NUMBER_OBJECT_CONVERSION = YES_AGGRESSIVE;
				CLANG_CXX_LANGUAGE_STANDARD = "gnu++14";
				CLANG_CXX_LIBRARY = "libc++";
				CLANG_ENABLE_MODULES = YES;
				CLANG_ENABLE_OBJC_ARC = YES;
				CLANG_ENABLE_OBJC_WEAK = YES;
				CLANG_WARN_BLOCK_CAPTURE_AUTORELEASING = YES;
				CLANG_WARN_BOOL_CONVERSION = YES;
				CLANG_WARN_COMMA = YES;
				CLANG_WARN_CONSTANT_CONVERSION = YES;
				CLANG_WARN_DEPRECATED_OBJC_IMPLEMENTATIONS = YES;
				CLANG_WARN_DIRECT_OBJC_ISA_USAGE = YES_ERROR;
				CLANG_WARN_DOCUMENTATION_COMMENTS = YES;
				CLANG_WARN_EMPTY_BODY = YES;
				CLANG_WARN_ENUM_CONVERSION = YES;
				CLANG_WARN_INFINITE_RECURSION = YES;
				CLANG_WARN_INT_CONVERSION = YES;
				CLANG_WARN_NON_LITERAL_NULL_CONVERSION = YES;
				CLANG_WARN_OBJC_IMPLICIT_RETAIN_SELF = YES;
				CLANG_WARN_OBJC_LITERAL_CONVERSION = YES;
				CLANG_WARN_OBJC_ROOT_CLASS = YES_ERROR;
				CLANG_WARN_QUOTED_INCLUDE_IN_FRAMEWORK_HEADER = YES;
				CLANG_WARN_RANGE_LOOP_ANALYSIS = YES;
				CLANG_WARN_STRICT_PROTOTYPES = YES;
				CLANG_WARN_SUSPICIOUS_MOVE = YES;
				CLANG_WARN_UNGUARDED_AVAILABILITY = YES_AGGRESSIVE;
				CLANG_WARN_UNREACHABLE_CODE = YES;
				CLANG_WARN__DUPLICATE_METHOD_MATCH = YES;
				CODE_SIGN_IDENTITY = "Mac Developer";
				COPY_PHASE_STRIP = NO;
				DEAD_CODE_STRIPPING = YES;
				DEBUG_INFORMATION_FORMAT = "dwarf-with-dsym";
				ENABLE_NS_ASSERTIONS = NO;
				ENABLE_STRICT_OBJC_MSGSEND = YES;
				ENABLE_USER_SCRIPT_SANDBOXING = NO;
				GCC_C_LANGUAGE_STANDARD = gnu11;
				GCC_NO_COMMON_BLOCKS = YES;
				GCC_WARN_64_TO_32_BIT_CONVERSION = YES;
				GCC_WARN_ABOUT_RETURN_TYPE = YES_ERROR;
				GCC_WARN_UNDECLARED_SELECTOR = YES;
				GCC_WARN_UNINITIALIZED_AUTOS = YES_AGGRESSIVE;
				GCC_WARN_UNUSED_FUNCTION = YES;
				GCC_WARN_UNUSED_VARIABLE = YES;
				MACOSX_DEPLOYMENT_TARGET = 10.14;
				MTL_ENABLE_DEBUG_INFO = NO;
				MTL_FAST_MATH = YES;
				SDKROOT = macosx;
				STRING_CATALOG_GENERATE_SYMBOLS = YES;
				SWIFT_COMPILATION_MODE = wholemodule;
				SWIFT_OPTIMIZATION_LEVEL = "-O";
			};
			name = Release;
		};
		4C4C7D1121AAED1F0002127F /* Debug */ = {
			isa = XCBuildConfiguration;
			buildSettings = {
				ASSETCATALOG_COMPILER_APPICON_NAME = AppIcon;
				CODE_SIGN_STYLE = Automatic;
				COMBINE_HIDPI_IMAGES = YES;
				DEAD_CODE_STRIPPING = YES;
				DEVELOPMENT_TEAM = S88YFAW48T;
				GENERATE_APP_INTENTS_METADATA = NO;
				INFOPLIST_FILE = "$(SRCROOT)/ADB Assistant/Configuration/Info.plist";
				LD_RUNPATH_SEARCH_PATHS = (
					"$(inherited)",
					"@executable_path/../Frameworks",
				);
				MACOSX_DEPLOYMENT_TARGET = 14.6;
				PRODUCT_BUNDLE_IDENTIFIER = "cc.ovchinnikov.ADB-Assistant";
				PRODUCT_NAME = "$(TARGET_NAME)";
				SWIFT_VERSION = 5.0;
			};
			name = Debug;
		};
		4C4C7D1221AAED1F0002127F /* Release */ = {
			isa = XCBuildConfiguration;
			buildSettings = {
				ASSETCATALOG_COMPILER_APPICON_NAME = AppIcon;
				CODE_SIGN_STYLE = Automatic;
				COMBINE_HIDPI_IMAGES = YES;
				DEAD_CODE_STRIPPING = YES;
				DEVELOPMENT_TEAM = S88YFAW48T;
				GENERATE_APP_INTENTS_METADATA = NO;
				INFOPLIST_FILE = "$(SRCROOT)/ADB Assistant/Configuration/Info.plist";
				LD_RUNPATH_SEARCH_PATHS = (
					"$(inherited)",
					"@executable_path/../Frameworks",
				);
				MACOSX_DEPLOYMENT_TARGET = 14.6;
				PRODUCT_BUNDLE_IDENTIFIER = "cc.ovchinnikov.ADB-Assistant";
				PRODUCT_NAME = "$(TARGET_NAME)";
				SWIFT_VERSION = 5.0;
			};
			name = Release;
		};
		4C4C7D1421AAED1F0002127F /* Debug */ = {
			isa = XCBuildConfiguration;
			buildSettings = {
				BUNDLE_LOADER = "$(TEST_HOST)";
				CODE_SIGN_STYLE = Automatic;
				COMBINE_HIDPI_IMAGES = YES;
				DEAD_CODE_STRIPPING = YES;
				DEVELOPMENT_TEAM = 7GSK43NS59;
				INFOPLIST_FILE = "ADB AssistantTests/Info.plist";
				LD_RUNPATH_SEARCH_PATHS = (
					"$(inherited)",
					"@executable_path/../Frameworks",
					"@loader_path/../Frameworks",
				);
				MACOSX_DEPLOYMENT_TARGET = 11.0;
				PRODUCT_BUNDLE_IDENTIFIER = "cc.ovchinnikov.ADB-AssistantTests";
				PRODUCT_NAME = "$(TARGET_NAME)";
				SWIFT_VERSION = 5.0;
				TEST_HOST = "$(BUILT_PRODUCTS_DIR)/ADB Assistant.app/Contents/MacOS/ADB Assistant";
			};
			name = Debug;
		};
		4C4C7D1521AAED1F0002127F /* Release */ = {
			isa = XCBuildConfiguration;
			buildSettings = {
				BUNDLE_LOADER = "$(TEST_HOST)";
				CODE_SIGN_STYLE = Automatic;
				COMBINE_HIDPI_IMAGES = YES;
				DEAD_CODE_STRIPPING = YES;
				DEVELOPMENT_TEAM = 7GSK43NS59;
				INFOPLIST_FILE = "ADB AssistantTests/Info.plist";
				LD_RUNPATH_SEARCH_PATHS = (
					"$(inherited)",
					"@executable_path/../Frameworks",
					"@loader_path/../Frameworks",
				);
				MACOSX_DEPLOYMENT_TARGET = 11.0;
				PRODUCT_BUNDLE_IDENTIFIER = "cc.ovchinnikov.ADB-AssistantTests";
				PRODUCT_NAME = "$(TARGET_NAME)";
				SWIFT_VERSION = 5.0;
				TEST_HOST = "$(BUILT_PRODUCTS_DIR)/ADB Assistant.app/Contents/MacOS/ADB Assistant";
			};
			name = Release;
		};
/* End XCBuildConfiguration section */

/* Begin XCConfigurationList section */
		4C4C7CF021AAED1E0002127F /* Build configuration list for PBXProject "ADB Assistant" */ = {
			isa = XCConfigurationList;
			buildConfigurations = (
				4C4C7D0E21AAED1F0002127F /* Debug */,
				4C4C7D0F21AAED1F0002127F /* Release */,
			);
			defaultConfigurationIsVisible = 0;
			defaultConfigurationName = Release;
		};
		4C4C7D1021AAED1F0002127F /* Build configuration list for PBXNativeTarget "ADB Assistant" */ = {
			isa = XCConfigurationList;
			buildConfigurations = (
				4C4C7D1121AAED1F0002127F /* Debug */,
				4C4C7D1221AAED1F0002127F /* Release */,
			);
			defaultConfigurationIsVisible = 0;
			defaultConfigurationName = Release;
		};
		4C4C7D1321AAED1F0002127F /* Build configuration list for PBXNativeTarget "ADB AssistantTests" */ = {
			isa = XCConfigurationList;
			buildConfigurations = (
				4C4C7D1421AAED1F0002127F /* Debug */,
				4C4C7D1521AAED1F0002127F /* Release */,
			);
			defaultConfigurationIsVisible = 0;
			defaultConfigurationName = Release;
		};
/* End XCConfigurationList section */
	};
	rootObject = 4C4C7CED21AAED1E0002127F /* Project object */;
}
