// !$*UTF8*$!
{
	archiveVersion = 1;
	classes = {
	};
	objectVersion = 50;
	objects = {

/* Begin PBXBuildFile section */
		4C4C7CF921AAED1E0002127F /* AppDelegate.swift in Sources */ = {isa = PBXBuildFile; fileRef = 4C4C7CF821AAED1E0002127F /* AppDelegate.swift */; };
		4C4C7CFB21AAED1E0002127F /* ViewController.swift in Sources */ = {isa = PBXBuildFile; fileRef = 4C4C7CFA21AAED1E0002127F /* ViewController.swift */; };
		4C4C7CFD21AAED1F0002127F /* Assets.xcassets in Resources */ = {isa = PBXBuildFile; fileRef = 4C4C7CFC21AAED1F0002127F /* Assets.xcassets */; };
		4C4C7D0021AAED1F0002127F /* Main.storyboard in Resources */ = {isa = PBXBuildFile; fileRef = 4C4C7CFE21AAED1F0002127F /* Main.storyboard */; };
		4C4C7D0C21AAED1F0002127F /* ADB_AssistantTests.swift in Sources */ = {isa = PBXBuildFile; fileRef = 4C4C7D0B21AAED1F0002127F /* ADB_AssistantTests.swift */; };
/* End PBXBuildFile section */

/* Begin PBXContainerItemProxy section */
		4C4C7D0821AAED1F0002127F /* PBXContainerItemProxy */ = {
			isa = PBXContainerItemProxy;
			containerPortal = 4C4C7CED21AAED1E0002127F /* Project object */;
			proxyType = 1;
			remoteGlobalIDString = 4C4C7CF421AAED1E0002127F;
			remoteInfo = "ADB Assistant";
		};
/* End PBXContainerItemProxy section */

/* Begin PBXFileReference section */
		4C4C7CF521AAED1E0002127F /* ADB Assistant.app */ = {isa = PBXFileReference; explicitFileType = wrapper.application; includeInIndex = 0; path = "ADB Assistant.app"; sourceTree = BUILT_PRODUCTS_DIR; };
		4C4C7CF821AAED1E0002127F /* AppDelegate.swift */ = {isa = PBXFileReference; lastKnownFileType = sourcecode.swift; path = AppDelegate.swift; sourceTree = "<group>"; };
		4C4C7CFA21AAED1E0002127F /* ViewController.swift */ = {isa = PBXFileReference; lastKnownFileType = sourcecode.swift; path = ViewController.swift; sourceTree = "<group>"; };
		4C4C7CFC21AAED1F0002127F /* Assets.xcassets */ = {isa = PBXFileReference; lastKnownFileType = folder.assetcatalog; path = Assets.xcassets; sourceTree = "<group>"; };
		4C4C7CFF21AAED1F0002127F /* Base */ = {isa = PBXFileReference; lastKnownFileType = file.storyboard; name = Base; path = Base.lproj/Main.storyboard; sourceTree = "<group>"; };
		4C4C7D0121AAED1F0002127F /* Info.plist */ = {isa = PBXFileReference; lastKnownFileType = text.plist.xml; path = Info.plist; sourceTree = "<group>"; };
		4C4C7D0221AAED1F0002127F /* ADB_Assistant.entitlements */ = {isa = PBXFileReference; lastKnownFileType = text.plist.entitlements; path = ADB_Assistant.entitlements; sourceTree = "<group>"; };
		4C4C7D0721AAED1F0002127F /* ADB AssistantTests.xctest */ = {isa = PBXFileReference; explicitFileType = wrapper.cfbundle; includeInIndex = 0; path = "ADB AssistantTests.xctest"; sourceTree = BUILT_PRODUCTS_DIR; };
		4C4C7D0B21AAED1F0002127F /* ADB_AssistantTests.swift */ = {isa = PBXFileReference; lastKnownFileType = sourcecode.swift; path = ADB_AssistantTests.swift; sourceTree = "<group>"; };
		4C4C7D0D21AAED1F0002127F /* Info.plist */ = {isa = PBXFileReference; lastKnownFileType = text.plist.xml; path = Info.plist; sourceTree = "<group>"; };
/* End PBXFileReference section */

/* Begin PBXFrameworksBuildPhase section */
		4C4C7CF221AAED1E0002127F /* Frameworks */ = {
			isa = PBXFrameworksBuildPhase;
			buildActionMask = 2147483647;
			files = (
			);
			runOnlyForDeploymentPostprocessing = 0;
		};
		4C4C7D0421AAED1F0002127F /* Frameworks */ = {
			isa = PBXFrameworksBuildPhase;
			buildActionMask = 2147483647;
			files = (
			);
			runOnlyForDeploymentPostprocessing = 0;
		};
/* End PBXFrameworksBuildPhase section */

/* Begin PBXGroup section */
		4C4C7CEC21AAED1E0002127F = {
			isa = PBXGroup;
			children = (
				4C4C7CF721AAED1E0002127F /* ADB Assistant */,
				4C4C7D0A21AAED1F0002127F /* ADB AssistantTests */,
				4C4C7CF621AAED1E0002127F /* Products */,
			);
			sourceTree = "<group>";
		};
		4C4C7CF621AAED1E0002127F /* Products */ = {
			isa = PBXGroup;
			children = (
				4C4C7CF521AAED1E0002127F /* ADB Assistant.app */,
				4C4C7D0721AAED1F0002127F /* ADB AssistantTests.xctest */,
			);
			name = Products;
			sourceTree = "<group>";
		};
		4C4C7CF721AAED1E0002127F /* ADB Assistant */ = {
			isa = PBXGroup;
			children = (
				4C4C7CF821AAED1E0002127F /* AppDelegate.swift */,
				4C4C7CFA21AAED1E0002127F /* ViewController.swift */,
				4C4C7CFC21AAED1F0002127F /* Assets.xcassets */,
				4C4C7CFE21AAED1F0002127F /* Main.storyboard */,
				4C4C7D0121AAED1F0002127F /* Info.plist */,
				4C4C7D0221AAED1F0002127F /* ADB_Assistant.entitlements */,
			);
			path = "ADB Assistant";
			sourceTree = "<group>";
		};
		4C4C7D0A21AAED1F0002127F /* ADB AssistantTests */ = {
			isa = PBXGroup;
			children = (
				4C4C7D0B21AAED1F0002127F /* ADB_AssistantTests.swift */,
				4C4C7D0D21AAED1F0002127F /* Info.plist */,
			);
			path = "ADB AssistantTests";
			sourceTree = "<group>";
		};
/* End PBXGroup section */

/* Begin PBXNativeTarget section */
		4C4C7CF421AAED1E0002127F /* ADB Assistant */ = {
			isa = PBXNativeTarget;
			buildConfigurationList = 4C4C7D1021AAED1F0002127F /* Build configuration list for PBXNativeTarget "ADB Assistant" */;
			buildPhases = (
				4C4C7CF121AAED1E0002127F /* Sources */,
				4C4C7CF221AAED1E0002127F /* Frameworks */,
				4C4C7CF321AAED1E0002127F /* Resources */,
			);
			buildRules = (
			);
			dependencies = (
			);
			name = "ADB Assistant";
			productName = "ADB Assistant";
			productReference = 4C4C7CF521AAED1E0002127F /* ADB Assistant.app */;
			productType = "com.apple.product-type.application";
		};
		4C4C7D0621AAED1F0002127F /* ADB AssistantTests */ = {
			isa = PBXNativeTarget;
			buildConfigurationList = 4C4C7D1321AAED1F0002127F /* Build configuration list for PBXNativeTarget "ADB AssistantTests" */;
			buildPhases = (
				4C4C7D0321AAED1F0002127F /* Sources */,
				4C4C7D0421AAED1F0002127F /* Frameworks */,
				4C4C7D0521AAED1F0002127F /* Resources */,
			);
			buildRules = (
			);
			dependencies = (
				4C4C7D0921AAED1F0002127F /* PBXTargetDependency */,
			);
			name = "ADB AssistantTests";
			productName = "ADB AssistantTests";
			productReference = 4C4C7D0721AAED1F0002127F /* ADB AssistantTests.xctest */;
			productType = "com.apple.product-type.bundle.unit-test";
		};
/* End PBXNativeTarget section */

/* Begin PBXProject section */
		4C4C7CED21AAED1E0002127F /* Project object */ = {
			isa = PBXProject;
			attributes = {
				LastSwiftUpdateCheck = 1010;
				LastUpgradeCheck = 1010;
				ORGANIZATIONNAME = "Michael Ovchinnikov";
				TargetAttributes = {
					4C4C7CF421AAED1E0002127F = {
						CreatedOnToolsVersion = 10.1;
					};
					4C4C7D0621AAED1F0002127F = {
						CreatedOnToolsVersion = 10.1;
						TestTargetID = 4C4C7CF421AAED1E0002127F;
					};
				};
			};
			buildConfigurationList = 4C4C7CF021AAED1E0002127F /* Build configuration list for PBXProject "ADB Assistant" */;
			compatibilityVersion = "Xcode 9.3";
			developmentRegion = en;
			hasScannedForEncodings = 0;
			knownRegions = (
				en,
				Base,
			);
			mainGroup = 4C4C7CEC21AAED1E0002127F;
			productRefGroup = 4C4C7CF621AAED1E0002127F /* Products */;
			projectDirPath = "";
			projectRoot = "";
			targets = (
				4C4C7CF421AAED1E0002127F /* ADB Assistant */,
				4C4C7D0621AAED1F0002127F /* ADB AssistantTests */,
			);
		};
/* End PBXProject section */

/* Begin PBXResourcesBuildPhase section */
		4C4C7CF321AAED1E0002127F /* Resources */ = {
			isa = PBXResourcesBuildPhase;
			buildActionMask = 2147483647;
			files = (
				4C4C7CFD21AAED1F0002127F /* Assets.xcassets in Resources */,
				4C4C7D0021AAED1F0002127F /* Main.storyboard in Resources */,
			);
			runOnlyForDeploymentPostprocessing = 0;
		};
		4C4C7D0521AAED1F0002127F /* Resources */ = {
			isa = PBXResourcesBuildPhase;
			buildActionMask = 2147483647;
			files = (
			);
			runOnlyForDeploymentPostprocessing = 0;
		};
/* End PBXResourcesBuildPhase section */

/* Begin PBXSourcesBuildPhase section */
		4C4C7CF121AAED1E0002127F /* Sources */ = {
			isa = PBXSourcesBuildPhase;
			buildActionMask = 2147483647;
			files = (
				4C4C7CFB21AAED1E0002127F /* ViewController.swift in Sources */,
				4C4C7CF921AAED1E0002127F /* AppDelegate.swift in Sources */,
			);
			runOnlyForDeploymentPostprocessing = 0;
		};
		4C4C7D0321AAED1F0002127F /* Sources */ = {
			isa = PBXSourcesBuildPhase;
			buildActionMask = 2147483647;
			files = (
				4C4C7D0C21AAED1F0002127F /* ADB_AssistantTests.swift in Sources */,
			);
			runOnlyForDeploymentPostprocessing = 0;
		};
/* End PBXSourcesBuildPhase section */

/* Begin PBXTargetDependency section */
		4C4C7D0921AAED1F0002127F /* PBXTargetDependency */ = {
			isa = PBXTargetDependency;
			target = 4C4C7CF421AAED1E0002127F /* ADB Assistant */;
			targetProxy = 4C4C7D0821AAED1F0002127F /* PBXContainerItemProxy */;
		};
/* End PBXTargetDependency section */

/* Begin PBXVariantGroup section */
		4C4C7CFE21AAED1F0002127F /* Main.storyboard */ = {
			isa = PBXVariantGroup;
			children = (
				4C4C7CFF21AAED1F0002127F /* Base */,
			);
			name = Main.storyboard;
			sourceTree = "<group>";
		};
/* End PBXVariantGroup section */

/* Begin XCBuildConfiguration section */
		4C4C7D0E21AAED1F0002127F /* Debug */ = {
			isa = XCBuildConfiguration;
			buildSettings = {
				ALWAYS_SEARCH_USER_PATHS = NO;
				CLANG_ANALYZER_NONNULL = YES;
				CLANG_ANALYZER_NUMBER_OBJECT_CONVERSION = YES_AGGRESSIVE;
				CLANG_CXX_LANGUAGE_STANDARD = "gnu++14";
				CLANG_CXX_LIBRARY = "libc++";
				CLANG_ENABLE_MODULES = YES;
				CLANG_ENABLE_OBJC_ARC = YES;
				CLANG_ENABLE_OBJC_WEAK = YES;
				CLANG_WARN_BLOCK_CAPTURE_AUTORELEASING = YES;
				CLANG_WARN_BOOL_CONVERSION = YES;
				CLANG_WARN_COMMA = YES;
				CLANG_WARN_CONSTANT_CONVERSION = YES;
				CLANG_WARN_DEPRECATED_OBJC_IMPLEMENTATIONS = YES;
				CLANG_WARN_DIRECT_OBJC_ISA_USAGE = YES_ERROR;
				CLANG_WARN_DOCUMENTATION_COMMENTS = YES;
				CLANG_WARN_EMPTY_BODY = YES;
				CLANG_WARN_ENUM_CONVERSION = YES;
				CLANG_WARN_INFINITE_RECURSION = YES;
				CLANG_WARN_INT_CONVERSION = YES;
				CLANG_WARN_NON_LITERAL_NULL_CONVERSION = YES;
				CLANG_WARN_OBJC_IMPLICIT_RETAIN_SELF = YES;
				CLANG_WARN_OBJC_LITERAL_CONVERSION = YES;
				CLANG_WARN_OBJC_ROOT_CLASS = YES_ERROR;
				CLANG_WARN_RANGE_LOOP_ANALYSIS = YES;
				CLANG_WARN_STRICT_PROTOTYPES = YES;
				CLANG_WARN_SUSPICIOUS_MOVE = YES;
				CLANG_WARN_UNGUARDED_AVAILABILITY = YES_AGGRESSIVE;
				CLANG_WARN_UNREACHABLE_CODE = YES;
				CLANG_WARN__DUPLICATE_METHOD_MATCH = YES;
				CODE_SIGN_IDENTITY = "Mac Developer";
				COPY_PHASE_STRIP = NO;
				DEBUG_INFORMATION_FORMAT = dwarf;
				ENABLE_STRICT_OBJC_MSGSEND = YES;
				ENABLE_TESTABILITY = YES;
				GCC_C_LANGUAGE_STANDARD = gnu11;
				GCC_DYNAMIC_NO_PIC = NO;
				GCC_NO_COMMON_BLOCKS = YES;
				GCC_OPTIMIZATION_LEVEL = 0;
				GCC_PREPROCESSOR_DEFINITIONS = (
					"DEBUG=1",
					"$(inherited)",
				);
				GCC_WARN_64_TO_32_BIT_CONVERSION = YES;
				GCC_WARN_ABOUT_RETURN_TYPE = YES_ERROR;
				GCC_WARN_UNDECLARED_SELECTOR = YES;
				GCC_WARN_UNINITIALIZED_AUTOS = YES_AGGRESSIVE;
				GCC_WARN_UNUSED_FUNCTION = YES;
				GCC_WARN_UNUSED_VARIABLE = YES;
				MACOSX_DEPLOYMENT_TARGET = 10.14;
				MTL_ENABLE_DEBUG_INFO = INCLUDE_SOURCE;
				MTL_FAST_MATH = YES;
				ONLY_ACTIVE_ARCH = YES;
				SDKROOT = macosx;
				SWIFT_ACTIVE_COMPILATION_CONDITIONS = DEBUG;
				SWIFT_OPTIMIZATION_LEVEL = "-Onone";
			};
			name = Debug;
		};
		4C4C7D0F21AAED1F0002127F /* Release */ = {
			isa = XCBuildConfiguration;
			buildSettings = {
				ALWAYS_SEARCH_USER_PATHS = NO;
				CLANG_ANALYZER_NONNULL = YES;
				CLANG_ANALYZER_NUMBER_OBJECT_CONVERSION = YES_AGGRESSIVE;
				CLANG_CXX_LANGUAGE_STANDARD = "gnu++14";
				CLANG_CXX_LIBRARY = "libc++";
				CLANG_ENABLE_MODULES = YES;
				CLANG_ENABLE_OBJC_ARC = YES;
				CLANG_ENABLE_OBJC_WEAK = YES;
				CLANG_WARN_BLOCK_CAPTURE_AUTORELEASING = YES;
				CLANG_WARN_BOOL_CONVERSION = YES;
				CLANG_WARN_COMMA = YES;
				CLANG_WARN_CONSTANT_CONVERSION = YES;
				CLANG_WARN_DEPRECATED_OBJC_IMPLEMENTATIONS = YES;
				CLANG_WARN_DIRECT_OBJC_ISA_USAGE = YES_ERROR;
				CLANG_WARN_DOCUMENTATION_COMMENTS = YES;
				CLANG_WARN_EMPTY_BODY = YES;
				CLANG_WARN_ENUM_CONVERSION = YES;
				CLANG_WARN_INFINITE_RECURSION = YES;
				CLANG_WARN_INT_CONVERSION = YES;
				CLANG_WARN_NON_LITERAL_NULL_CONVERSION = YES;
				CLANG_WARN_OBJC_IMPLICIT_RETAIN_SELF = YES;
				CLANG_WARN_OBJC_LITERAL_CONVERSION = YES;
				CLANG_WARN_OBJC_ROOT_CLASS = YES_ERROR;
				CLANG_WARN_RANGE_LOOP_ANALYSIS = YES;
				CLANG_WARN_STRICT_PROTOTYPES = YES;
				CLANG_WARN_SUSPICIOUS_MOVE = YES;
				CLANG_WARN_UNGUARDED_AVAILABILITY = YES_AGGRESSIVE;
				CLANG_WARN_UNREACHABLE_CODE = YES;
				CLANG_WARN__DUPLICATE_METHOD_MATCH = YES;
				CODE_SIGN_IDENTITY = "Mac Developer";
				COPY_PHASE_STRIP = NO;
				DEBUG_INFORMATION_FORMAT = "dwarf-with-dsym";
				ENABLE_NS_ASSERTIONS = NO;
				ENABLE_STRICT_OBJC_MSGSEND = YES;
				GCC_C_LANGUAGE_STANDARD = gnu11;
				GCC_NO_COMMON_BLOCKS = YES;
				GCC_WARN_64_TO_32_BIT_CONVERSION = YES;
				GCC_WARN_ABOUT_RETURN_TYPE = YES_ERROR;
				GCC_WARN_UNDECLARED_SELECTOR = YES;
				GCC_WARN_UNINITIALIZED_AUTOS = YES_AGGRESSIVE;
				GCC_WARN_UNUSED_FUNCTION = YES;
				GCC_WARN_UNUSED_VARIABLE = YES;
				MACOSX_DEPLOYMENT_TARGET = 10.14;
				MTL_ENABLE_DEBUG_INFO = NO;
				MTL_FAST_MATH = YES;
				SDKROOT = macosx;
				SWIFT_COMPILATION_MODE = wholemodule;
				SWIFT_OPTIMIZATION_LEVEL = "-O";
			};
			name = Release;
		};
		4C4C7D1121AAED1F0002127F /* Debug */ = {
			isa = XCBuildConfiguration;
			buildSettings = {
				ASSETCATALOG_COMPILER_APPICON_NAME = AppIcon;
				CODE_SIGN_ENTITLEMENTS = "ADB Assistant/ADB_Assistant.entitlements";
				CODE_SIGN_STYLE = Automatic;
				COMBINE_HIDPI_IMAGES = YES;
				DEVELOPMENT_TEAM = S88YFAW48T;
				INFOPLIST_FILE = "ADB Assistant/Info.plist";
				LD_RUNPATH_SEARCH_PATHS = (
					"$(inherited)",
					"@executable_path/../Frameworks",
				);
				PRODUCT_BUNDLE_IDENTIFIER = "cc.ovchinnikov.ADB-Assistant";
				PRODUCT_NAME = "$(TARGET_NAME)";
				SWIFT_VERSION = 4.2;
			};
			name = Debug;
		};
		4C4C7D1221AAED1F0002127F /* Release */ = {
			isa = XCBuildConfiguration;
			buildSettings = {
				ASSETCATALOG_COMPILER_APPICON_NAME = AppIcon;
				CODE_SIGN_ENTITLEMENTS = "ADB Assistant/ADB_Assistant.entitlements";
				CODE_SIGN_STYLE = Automatic;
				COMBINE_HIDPI_IMAGES = YES;
				DEVELOPMENT_TEAM = S88YFAW48T;
				INFOPLIST_FILE = "ADB Assistant/Info.plist";
				LD_RUNPATH_SEARCH_PATHS = (
					"$(inherited)",
					"@executable_path/../Frameworks",
				);
				PRODUCT_BUNDLE_IDENTIFIER = "cc.ovchinnikov.ADB-Assistant";
				PRODUCT_NAME = "$(TARGET_NAME)";
				SWIFT_VERSION = 4.2;
			};
			name = Release;
		};
		4C4C7D1421AAED1F0002127F /* Debug */ = {
			isa = XCBuildConfiguration;
			buildSettings = {
				ALWAYS_EMBED_SWIFT_STANDARD_LIBRARIES = YES;
				BUNDLE_LOADER = "$(TEST_HOST)";
				CODE_SIGN_STYLE = Automatic;
				COMBINE_HIDPI_IMAGES = YES;
				DEVELOPMENT_TEAM = S88YFAW48T;
				INFOPLIST_FILE = "ADB AssistantTests/Info.plist";
				LD_RUNPATH_SEARCH_PATHS = (
					"$(inherited)",
					"@executable_path/../Frameworks",
					"@loader_path/../Frameworks",
				);
				PRODUCT_BUNDLE_IDENTIFIER = "cc.ovchinnikov.ADB-AssistantTests";
				PRODUCT_NAME = "$(TARGET_NAME)";
				SWIFT_VERSION = 4.2;
				TEST_HOST = "$(BUILT_PRODUCTS_DIR)/ADB Assistant.app/Contents/MacOS/ADB Assistant";
			};
			name = Debug;
		};
		4C4C7D1521AAED1F0002127F /* Release */ = {
			isa = XCBuildConfiguration;
			buildSettings = {
				ALWAYS_EMBED_SWIFT_STANDARD_LIBRARIES = YES;
				BUNDLE_LOADER = "$(TEST_HOST)";
				CODE_SIGN_STYLE = Automatic;
				COMBINE_HIDPI_IMAGES = YES;
				DEVELOPMENT_TEAM = S88YFAW48T;
				INFOPLIST_FILE = "ADB AssistantTests/Info.plist";
				LD_RUNPATH_SEARCH_PATHS = (
					"$(inherited)",
					"@executable_path/../Frameworks",
					"@loader_path/../Frameworks",
				);
				PRODUCT_BUNDLE_IDENTIFIER = "cc.ovchinnikov.ADB-AssistantTests";
				PRODUCT_NAME = "$(TARGET_NAME)";
				SWIFT_VERSION = 4.2;
				TEST_HOST = "$(BUILT_PRODUCTS_DIR)/ADB Assistant.app/Contents/MacOS/ADB Assistant";
			};
			name = Release;
		};
/* End XCBuildConfiguration section */

/* Begin XCConfigurationList section */
		4C4C7CF021AAED1E0002127F /* Build configuration list for PBXProject "ADB Assistant" */ = {
			isa = XCConfigurationList;
			buildConfigurations = (
				4C4C7D0E21AAED1F0002127F /* Debug */,
				4C4C7D0F21AAED1F0002127F /* Release */,
			);
			defaultConfigurationIsVisible = 0;
			defaultConfigurationName = Release;
		};
		4C4C7D1021AAED1F0002127F /* Build configuration list for PBXNativeTarget "ADB Assistant" */ = {
			isa = XCConfigurationList;
			buildConfigurations = (
				4C4C7D1121AAED1F0002127F /* Debug */,
				4C4C7D1221AAED1F0002127F /* Release */,
			);
			defaultConfigurationIsVisible = 0;
			defaultConfigurationName = Release;
		};
		4C4C7D1321AAED1F0002127F /* Build configuration list for PBXNativeTarget "ADB AssistantTests" */ = {
			isa = XCConfigurationList;
			buildConfigurations = (
				4C4C7D1421AAED1F0002127F /* Debug */,
				4C4C7D1521AAED1F0002127F /* Release */,
			);
			defaultConfigurationIsVisible = 0;
			defaultConfigurationName = Release;
		};
/* End XCConfigurationList section */
	};
	rootObject = 4C4C7CED21AAED1E0002127F /* Project object */;
}
